
Microsoft Visual Studio Solution File, Format Version 12.00
# Visual Studio Version 17
VisualStudioVersion = 17.3.32922.545
MinimumVisualStudioVersion = 10.0.40219.1
Project("{FAE04EC0-301F-11D3-BF4B-00C04F79EFBC}") = "NCKH", "NCKH\NCKH.csproj", "{8F72626B-E129-476A-94AD-9D20DA523211}"
EndProject
Project("{FAE04EC0-301F-11D3-BF4B-00C04F79EFBC}") = "UA Server Controls", "ServerControls.Net4\UA Server Controls.csproj", "{06805011-AE62-4674-94C3-85C5533BFC8F}"
EndProject
Project("{2150E333-8FDC-42A3-9474-1A3956D46DE8}") = "Solution Items", "Solution Items", "{032F84B2-AAB3-44E3-892B-AE9489479B91}"
	ProjectSection(SolutionItems) = preProject
		NCKH\ThesisServer.Constants.cs = NCKH\ThesisServer.Constants.cs
	EndProjectSection
EndProject
Global
	GlobalSection(SolutionConfigurationPlatforms) = preSolution
		Debug|Any CPU = Debug|Any CPU
		Release|Any CPU = Release|Any CPU
	EndGlobalSection
	GlobalSection(ProjectConfigurationPlatforms) = postSolution
		{8F72626B-E129-476A-94AD-9D20DA523211}.Debug|Any CPU.ActiveCfg = Debug|Any CPU
		{8F72626B-E129-476A-94AD-9D20DA523211}.Debug|Any CPU.Build.0 = Debug|Any CPU
		{8F72626B-E129-476A-94AD-9D20DA523211}.Release|Any CPU.ActiveCfg = Release|Any CPU
		{8F72626B-E129-476A-94AD-9D20DA523211}.Release|Any CPU.Build.0 = Release|Any CPU
		{06805011-AE62-4674-94C3-85C5533BFC8F}.Debug|Any CPU.ActiveCfg = Debug|Any CPU
		{06805011-AE62-4674-94C3-85C5533BFC8F}.Debug|Any CPU.Build.0 = Debug|Any CPU
		{06805011-AE62-4674-94C3-85C5533BFC8F}.Release|Any CPU.ActiveCfg = Release|Any CPU
		{06805011-AE62-4674-94C3-85C5533BFC8F}.Release|Any CPU.Build.0 = Release|Any CPU
	EndGlobalSection
	GlobalSection(SolutionProperties) = preSolution
		HideSolutionNode = FALSE
	EndGlobalSection
	GlobalSection(ExtensibilityGlobals) = postSolution
		SolutionGuid = {08BD50D1-0642-43AB-9D71-5C7FC393D6BF}
	EndGlobalSection
EndGlobal
